# THIS IS AN AUTOGENERATED FILE. DO NOT EDIT THIS FILE DIRECTLY.
# yarn lockfile v1


"@graphprotocol/graph-ts@^0.23.1":
  "integrity" "sha512-pipofvN1LlwLOXrS7IWy8hSBFZzVyVHdLXDpQskl9nKqdbb3chelj4JoVEzCl7klvomDpP84ngLpW17fBh5vww=="
  "resolved" "https://registry.npmjs.org/@graphprotocol/graph-ts/-/graph-ts-0.23.1.tgz"
  "version" "0.23.1"
  dependencies:
    "assemblyscript" "0.19.10"

"assemblyscript@0.19.10":
  "integrity" "sha512-HavcUBXB3mBTRGJcpvaQjmnmaqKHBGREjSPNsIvnAk2f9dj78y4BkMaSSdvBQYWcDDzsHQjyUC8stICFkD1Odg=="
  "resolved" "https://registry.npmjs.org/assemblyscript/-/assemblyscript-0.19.10.tgz"
  "version" "0.19.10"
  dependencies:
    "binaryen" "101.0.0-nightly.20210723"
    "long" "^4.0.0"

"binaryen@101.0.0-nightly.20210723":
  "integrity" "sha512-eioJNqhHlkguVSbblHOtLqlhtC882SOEPKmNFZaDuz1hzQjolxZ+eu3/kaS10n3sGPONsIZsO7R9fR00UyhEUA=="
  "resolved" "https://registry.npmjs.org/binaryen/-/binaryen-101.0.0-nightly.20210723.tgz"
  "version" "101.0.0-nightly.20210723"

"long@^4.0.0":
  "integrity" "sha512-XsP+KhQif4bjX1kbuSiySJFNAehNxgLb6hPRGJ9QsUr8ajHkuXGdrHmFUTUUXhDwVX2R5bY4JNZEwbUiMhV+MA=="
  "resolved" "https://registry.npmjs.org/long/-/long-4.0.0.tgz"
  "version" "4.0.0"
